// !$*UTF8*$!
{
	archiveVersion = 1;
	classes = {
	};
	objectVersion = 50;
	objects = {

/* Begin PBXBuildFile section */
		5F92D3D12E05C14E00C4C580 /* TestInfoHomescreen.swift in Sources */ = {isa = PBXBuildFile; fileRef = 5F92D3D02E05C14E00C4C580 /* TestInfoHomescreen.swift */; };
		5FCACB9E2E0461D500153C12 /* DeviceInfoView.swift in Sources */ = {isa = PBXBuildFile; fileRef = 5FCACB9D2E0461D500153C12 /* DeviceInfoView.swift */; };
		CF2347AA232D258400252AEC /* NotificationCenter.framework in Frameworks */ = {isa = PBXBuildFile; fileRef = CF2347A9232D258400252AEC /* NotificationCenter.framework */; };
		CF2347AD232D258400252AEC /* TodayViewController.swift in Sources */ = {isa = PBXBuildFile; fileRef = CF2347AC232D258400252AEC /* TodayViewController.swift */; };
		CF2347B0232D258400252AEC /* MainInterface.storyboard in Resources */ = {isa = PBXBuildFile; fileRef = CF2347AE232D258400252AEC /* MainInterface.storyboard */; };
		CF2347B4232D258400252AEC /* Device Info.appex in Embed App Extensions */ = {isa = PBXBuildFile; fileRef = CF2347A7232D258400252AEC /* Device Info.appex */; settings = {ATTRIBUTES = (RemoveHeadersOnCopy, ); }; };
		CFD1D20C232D38D90089A4A9 /* DeviceInfoKit.framework in Frameworks */ = {isa = PBXBuildFile; fileRef = CFD1D203232D38D90089A4A9 /* DeviceInfoKit.framework */; };
		CFD1D213232D38D90089A4A9 /* DeviceInfoKitTests.swift in Sources */ = {isa = PBXBuildFile; fileRef = CFD1D212232D38D90089A4A9 /* DeviceInfoKitTests.swift */; };
		CFD1D215232D38D90089A4A9 /* DeviceInfoKit.h in Headers */ = {isa = PBXBuildFile; fileRef = CFD1D205232D38D90089A4A9 /* DeviceInfoKit.h */; settings = {ATTRIBUTES = (Public, ); }; };
		CFD1D218232D38D90089A4A9 /* DeviceInfoKit.framework in Frameworks */ = {isa = PBXBuildFile; fileRef = CFD1D203232D38D90089A4A9 /* DeviceInfoKit.framework */; };
		CFD1D219232D38D90089A4A9 /* DeviceInfoKit.framework in Embed Frameworks */ = {isa = PBXBuildFile; fileRef = CFD1D203232D38D90089A4A9 /* DeviceInfoKit.framework */; settings = {ATTRIBUTES = (CodeSignOnCopy, RemoveHeadersOnCopy, ); }; };
		CFD1D221232D39280089A4A9 /* DeviceInfo.swift in Sources */ = {isa = PBXBuildFile; fileRef = CFD1D220232D39280089A4A9 /* DeviceInfo.swift */; };
		CFF94F042326984E00273640 /* Assets.xcassets in Resources */ = {isa = PBXBuildFile; fileRef = CFF94F032326984E00273640 /* Assets.xcassets */; };
		CFF94F072326984E00273640 /* LaunchScreen.storyboard in Resources */ = {isa = PBXBuildFile; fileRef = CFF94F052326984E00273640 /* LaunchScreen.storyboard */; };
		CFF94F122326984E00273640 /* TestInfoHomescreenTests.swift in Sources */ = {isa = PBXBuildFile; fileRef = CFF94F112326984E00273640 /* TestInfoHomescreenTests.swift */; };
		DC6AC625239EB51A00DDA51D /* TestInfoHomescreenUITests.swift in Sources */ = {isa = PBXBuildFile; fileRef = DC6AC624239EB51A00DDA51D /* TestInfoHomescreenUITests.swift */; };
		DC6AC62D239EF83F00DDA51D /* SnapshotHelper.swift in Sources */ = {isa = PBXBuildFile; fileRef = DC6AC62C239EF83F00DDA51D /* SnapshotHelper.swift */; };
/* End PBXBuildFile section */

/* Begin PBXContainerItemProxy section */
		CF2347B2232D258400252AEC /* PBXContainerItemProxy */ = {
			isa = PBXContainerItemProxy;
			containerPortal = CFF94EF12326984B00273640 /* Project object */;
			proxyType = 1;
			remoteGlobalIDString = CF2347A6232D258400252AEC;
			remoteInfo = Widget;
		};
		CFD1D20D232D38D90089A4A9 /* PBXContainerItemProxy */ = {
			isa = PBXContainerItemProxy;
			containerPortal = CFF94EF12326984B00273640 /* Project object */;
			proxyType = 1;
			remoteGlobalIDString = CFD1D202232D38D90089A4A9;
			remoteInfo = DeviceInfoKit;
		};
		CFD1D20F232D38D90089A4A9 /* PBXContainerItemProxy */ = {
			isa = PBXContainerItemProxy;
			containerPortal = CFF94EF12326984B00273640 /* Project object */;
			proxyType = 1;
			remoteGlobalIDString = CFF94EF82326984B00273640;
			remoteInfo = TestInfoHomescreen;
		};
		CFD1D216232D38D90089A4A9 /* PBXContainerItemProxy */ = {
			isa = PBXContainerItemProxy;
			containerPortal = CFF94EF12326984B00273640 /* Project object */;
			proxyType = 1;
			remoteGlobalIDString = CFD1D202232D38D90089A4A9;
			remoteInfo = DeviceInfoKit;
		};
		CFD1D222232D50920089A4A9 /* PBXContainerItemProxy */ = {
			isa = PBXContainerItemProxy;
			containerPortal = CFF94EF12326984B00273640 /* Project object */;
			proxyType = 1;
			remoteGlobalIDString = CFD1D202232D38D90089A4A9;
			remoteInfo = DeviceInfoKit;
		};
		CFF94F0E2326984E00273640 /* PBXContainerItemProxy */ = {
			isa = PBXContainerItemProxy;
			containerPortal = CFF94EF12326984B00273640 /* Project object */;
			proxyType = 1;
			remoteGlobalIDString = CFF94EF82326984B00273640;
			remoteInfo = TestInfoHomescreen;
		};
		DC6AC627239EB51A00DDA51D /* PBXContainerItemProxy */ = {
			isa = PBXContainerItemProxy;
			containerPortal = CFF94EF12326984B00273640 /* Project object */;
			proxyType = 1;
			remoteGlobalIDString = CFF94EF82326984B00273640;
			remoteInfo = TestInfoHomescreen;
		};
/* End PBXContainerItemProxy section */

/* Begin PBXCopyFilesBuildPhase section */
		CF2347B8232D258400252AEC /* Embed App Extensions */ = {
			isa = PBXCopyFilesBuildPhase;
			buildActionMask = 2147483647;
			dstPath = "";
			dstSubfolderSpec = 13;
			files = (
				CF2347B4232D258400252AEC /* Device Info.appex in Embed App Extensions */,
			);
			name = "Embed App Extensions";
			runOnlyForDeploymentPostprocessing = 0;
		};
		CFD1D1FA232D386B0089A4A9 /* Embed Frameworks */ = {
			isa = PBXCopyFilesBuildPhase;
			buildActionMask = 2147483647;
			dstPath = "";
			dstSubfolderSpec = 10;
			files = (
				CFD1D219232D38D90089A4A9 /* DeviceInfoKit.framework in Embed Frameworks */,
			);
			name = "Embed Frameworks";
			runOnlyForDeploymentPostprocessing = 0;
		};
/* End PBXCopyFilesBuildPhase section */

/* Begin PBXFileReference section */
		5F92D3D02E05C14E00C4C580 /* TestInfoHomescreen.swift */ = {isa = PBXFileReference; lastKnownFileType = sourcecode.swift; path = TestInfoHomescreen.swift; sourceTree = "<group>"; };
		5FCACB9D2E0461D500153C12 /* DeviceInfoView.swift */ = {isa = PBXFileReference; lastKnownFileType = sourcecode.swift; path = DeviceInfoView.swift; sourceTree = "<group>"; };
		CF2347A7232D258400252AEC /* Device Info.appex */ = {isa = PBXFileReference; explicitFileType = "wrapper.app-extension"; includeInIndex = 0; path = "Device Info.appex"; sourceTree = BUILT_PRODUCTS_DIR; };
		CF2347A9232D258400252AEC /* NotificationCenter.framework */ = {isa = PBXFileReference; lastKnownFileType = wrapper.framework; name = NotificationCenter.framework; path = System/Library/Frameworks/NotificationCenter.framework; sourceTree = SDKROOT; };
		CF2347AC232D258400252AEC /* TodayViewController.swift */ = {isa = PBXFileReference; lastKnownFileType = sourcecode.swift; path = TodayViewController.swift; sourceTree = "<group>"; };
		CF2347AF232D258400252AEC /* Base */ = {isa = PBXFileReference; lastKnownFileType = file.storyboard; name = Base; path = Base.lproj/MainInterface.storyboard; sourceTree = "<group>"; };
		CF2347B1232D258400252AEC /* Info.plist */ = {isa = PBXFileReference; lastKnownFileType = text.plist.xml; path = Info.plist; sourceTree = "<group>"; };
		CFD1D203232D38D90089A4A9 /* DeviceInfoKit.framework */ = {isa = PBXFileReference; explicitFileType = wrapper.framework; includeInIndex = 0; path = DeviceInfoKit.framework; sourceTree = BUILT_PRODUCTS_DIR; };
		CFD1D205232D38D90089A4A9 /* DeviceInfoKit.h */ = {isa = PBXFileReference; lastKnownFileType = sourcecode.c.h; path = DeviceInfoKit.h; sourceTree = "<group>"; };
		CFD1D206232D38D90089A4A9 /* Info.plist */ = {isa = PBXFileReference; lastKnownFileType = text.plist.xml; path = Info.plist; sourceTree = "<group>"; };
		CFD1D20B232D38D90089A4A9 /* DeviceInfoKitTests.xctest */ = {isa = PBXFileReference; explicitFileType = wrapper.cfbundle; includeInIndex = 0; path = DeviceInfoKitTests.xctest; sourceTree = BUILT_PRODUCTS_DIR; };
		CFD1D212232D38D90089A4A9 /* DeviceInfoKitTests.swift */ = {isa = PBXFileReference; lastKnownFileType = sourcecode.swift; path = DeviceInfoKitTests.swift; sourceTree = "<group>"; };
		CFD1D214232D38D90089A4A9 /* Info.plist */ = {isa = PBXFileReference; lastKnownFileType = text.plist.xml; path = Info.plist; sourceTree = "<group>"; };
		CFD1D220232D39280089A4A9 /* DeviceInfo.swift */ = {isa = PBXFileReference; lastKnownFileType = sourcecode.swift; path = DeviceInfo.swift; sourceTree = "<group>"; };
		CFF94EF92326984B00273640 /* TestInfoHomescreen.app */ = {isa = PBXFileReference; explicitFileType = wrapper.application; includeInIndex = 0; path = TestInfoHomescreen.app; sourceTree = BUILT_PRODUCTS_DIR; };
		CFF94F032326984E00273640 /* Assets.xcassets */ = {isa = PBXFileReference; lastKnownFileType = folder.assetcatalog; path = Assets.xcassets; sourceTree = "<group>"; };
		CFF94F062326984E00273640 /* Base */ = {isa = PBXFileReference; lastKnownFileType = file.storyboard; name = Base; path = Base.lproj/LaunchScreen.storyboard; sourceTree = "<group>"; };
		CFF94F082326984E00273640 /* Info.plist */ = {isa = PBXFileReference; lastKnownFileType = text.plist.xml; path = Info.plist; sourceTree = "<group>"; };
		CFF94F0D2326984E00273640 /* TestInfoHomescreenTests.xctest */ = {isa = PBXFileReference; explicitFileType = wrapper.cfbundle; includeInIndex = 0; path = TestInfoHomescreenTests.xctest; sourceTree = BUILT_PRODUCTS_DIR; };
		CFF94F112326984E00273640 /* TestInfoHomescreenTests.swift */ = {isa = PBXFileReference; lastKnownFileType = sourcecode.swift; path = TestInfoHomescreenTests.swift; sourceTree = "<group>"; };
		CFF94F132326984E00273640 /* Info.plist */ = {isa = PBXFileReference; lastKnownFileType = text.plist.xml; path = Info.plist; sourceTree = "<group>"; };
		DC6AC622239EB51A00DDA51D /* TestInfoHomescreenUITests.xctest */ = {isa = PBXFileReference; explicitFileType = wrapper.cfbundle; includeInIndex = 0; path = TestInfoHomescreenUITests.xctest; sourceTree = BUILT_PRODUCTS_DIR; };
		DC6AC624239EB51A00DDA51D /* TestInfoHomescreenUITests.swift */ = {isa = PBXFileReference; lastKnownFileType = sourcecode.swift; path = TestInfoHomescreenUITests.swift; sourceTree = "<group>"; };
		DC6AC626239EB51A00DDA51D /* Info.plist */ = {isa = PBXFileReference; lastKnownFileType = text.plist.xml; path = Info.plist; sourceTree = "<group>"; };
		DC6AC62C239EF83F00DDA51D /* SnapshotHelper.swift */ = {isa = PBXFileReference; fileEncoding = 4; lastKnownFileType = sourcecode.swift; path = SnapshotHelper.swift; sourceTree = "<group>"; };
/* End PBXFileReference section */

/* Begin PBXFrameworksBuildPhase section */
		CF2347A4232D258400252AEC /* Frameworks */ = {
			isa = PBXFrameworksBuildPhase;
			buildActionMask = 2147483647;
			files = (
				CF2347AA232D258400252AEC /* NotificationCenter.framework in Frameworks */,
			);
			runOnlyForDeploymentPostprocessing = 0;
		};
		CFD1D200232D38D90089A4A9 /* Frameworks */ = {
			isa = PBXFrameworksBuildPhase;
			buildActionMask = 2147483647;
			files = (
			);
			runOnlyForDeploymentPostprocessing = 0;
		};
		CFD1D208232D38D90089A4A9 /* Frameworks */ = {
			isa = PBXFrameworksBuildPhase;
			buildActionMask = 2147483647;
			files = (
				CFD1D20C232D38D90089A4A9 /* DeviceInfoKit.framework in Frameworks */,
			);
			runOnlyForDeploymentPostprocessing = 0;
		};
		CFF94EF62326984B00273640 /* Frameworks */ = {
			isa = PBXFrameworksBuildPhase;
			buildActionMask = 2147483647;
			files = (
				CFD1D218232D38D90089A4A9 /* DeviceInfoKit.framework in Frameworks */,
			);
			runOnlyForDeploymentPostprocessing = 0;
		};
		CFF94F0A2326984E00273640 /* Frameworks */ = {
			isa = PBXFrameworksBuildPhase;
			buildActionMask = 2147483647;
			files = (
			);
			runOnlyForDeploymentPostprocessing = 0;
		};
		DC6AC61F239EB51A00DDA51D /* Frameworks */ = {
			isa = PBXFrameworksBuildPhase;
			buildActionMask = 2147483647;
			files = (
			);
			runOnlyForDeploymentPostprocessing = 0;
		};
/* End PBXFrameworksBuildPhase section */

/* Begin PBXGroup section */
		CF2347A8232D258400252AEC /* Frameworks */ = {
			isa = PBXGroup;
			children = (
				CF2347A9232D258400252AEC /* NotificationCenter.framework */,
			);
			name = Frameworks;
			sourceTree = "<group>";
		};
		CF2347AB232D258400252AEC /* DeviceInfoWidget */ = {
			isa = PBXGroup;
			children = (
				CF2347AC232D258400252AEC /* TodayViewController.swift */,
				CF2347AE232D258400252AEC /* MainInterface.storyboard */,
				CF2347B1232D258400252AEC /* Info.plist */,
			);
			path = DeviceInfoWidget;
			sourceTree = "<group>";
		};
		CFD1D204232D38D90089A4A9 /* DeviceInfoKit */ = {
			isa = PBXGroup;
			children = (
				CFD1D205232D38D90089A4A9 /* DeviceInfoKit.h */,
				CFD1D220232D39280089A4A9 /* DeviceInfo.swift */,
				CFD1D206232D38D90089A4A9 /* Info.plist */,
			);
			path = DeviceInfoKit;
			sourceTree = "<group>";
		};
		CFD1D211232D38D90089A4A9 /* DeviceInfoKitTests */ = {
			isa = PBXGroup;
			children = (
				CFD1D212232D38D90089A4A9 /* DeviceInfoKitTests.swift */,
				CFD1D214232D38D90089A4A9 /* Info.plist */,
			);
			path = DeviceInfoKitTests;
			sourceTree = "<group>";
		};
		CFF94EF02326984B00273640 = {
			isa = PBXGroup;
			children = (
				CFF94EFB2326984B00273640 /* TestInfoHomescreen */,
				CFF94F102326984E00273640 /* TestInfoHomescreenTests */,
				CF2347AB232D258400252AEC /* DeviceInfoWidget */,
				CFD1D204232D38D90089A4A9 /* DeviceInfoKit */,
				CFD1D211232D38D90089A4A9 /* DeviceInfoKitTests */,
				DC6AC623239EB51A00DDA51D /* TestInfoHomescreenUITests */,
				CF2347A8232D258400252AEC /* Frameworks */,
				CFF94EFA2326984B00273640 /* Products */,
			);
			sourceTree = "<group>";
		};
		CFF94EFA2326984B00273640 /* Products */ = {
			isa = PBXGroup;
			children = (
				CFF94EF92326984B00273640 /* TestInfoHomescreen.app */,
				CFF94F0D2326984E00273640 /* TestInfoHomescreenTests.xctest */,
				CF2347A7232D258400252AEC /* Device Info.appex */,
				CFD1D203232D38D90089A4A9 /* DeviceInfoKit.framework */,
				CFD1D20B232D38D90089A4A9 /* DeviceInfoKitTests.xctest */,
				DC6AC622239EB51A00DDA51D /* TestInfoHomescreenUITests.xctest */,
			);
			name = Products;
			sourceTree = "<group>";
		};
		CFF94EFB2326984B00273640 /* TestInfoHomescreen */ = {
			isa = PBXGroup;
			children = (
				5F92D3D02E05C14E00C4C580 /* TestInfoHomescreen.swift */,
				CFF94F032326984E00273640 /* Assets.xcassets */,
				CFF94F052326984E00273640 /* LaunchScreen.storyboard */,
				CFF94F082326984E00273640 /* Info.plist */,
				5FCACB9D2E0461D500153C12 /* DeviceInfoView.swift */,
			);
			path = TestInfoHomescreen;
			sourceTree = "<group>";
		};
		CFF94F102326984E00273640 /* TestInfoHomescreenTests */ = {
			isa = PBXGroup;
			children = (
				CFF94F112326984E00273640 /* TestInfoHomescreenTests.swift */,
				CFF94F132326984E00273640 /* Info.plist */,
			);
			path = TestInfoHomescreenTests;
			sourceTree = "<group>";
		};
		DC6AC623239EB51A00DDA51D /* TestInfoHomescreenUITests */ = {
			isa = PBXGroup;
			children = (
				DC6AC62C239EF83F00DDA51D /* SnapshotHelper.swift */,
				DC6AC624239EB51A00DDA51D /* TestInfoHomescreenUITests.swift */,
				DC6AC626239EB51A00DDA51D /* Info.plist */,
			);
			path = TestInfoHomescreenUITests;
			sourceTree = "<group>";
		};
/* End PBXGroup section */

/* Begin PBXHeadersBuildPhase section */
		CFD1D1FE232D38D90089A4A9 /* Headers */ = {
			isa = PBXHeadersBuildPhase;
			buildActionMask = 2147483647;
			files = (
				CFD1D215232D38D90089A4A9 /* DeviceInfoKit.h in Headers */,
			);
			runOnlyForDeploymentPostprocessing = 0;
		};
/* End PBXHeadersBuildPhase section */

/* Begin PBXNativeTarget section */
		CF2347A6232D258400252AEC /* Device Info */ = {
			isa = PBXNativeTarget;
			buildConfigurationList = CF2347B7232D258400252AEC /* Build configuration list for PBXNativeTarget "Device Info" */;
			buildPhases = (
				CF2347A3232D258400252AEC /* Sources */,
				CF2347A4232D258400252AEC /* Frameworks */,
				CF2347A5232D258400252AEC /* Resources */,
			);
			buildRules = (
			);
			dependencies = (
				CFD1D223232D50920089A4A9 /* PBXTargetDependency */,
			);
			name = "Device Info";
			productName = Widget;
			productReference = CF2347A7232D258400252AEC /* Device Info.appex */;
			productType = "com.apple.product-type.app-extension";
		};
		CFD1D202232D38D90089A4A9 /* DeviceInfoKit */ = {
			isa = PBXNativeTarget;
			buildConfigurationList = CFD1D21A232D38D90089A4A9 /* Build configuration list for PBXNativeTarget "DeviceInfoKit" */;
			buildPhases = (
				CFD1D1FE232D38D90089A4A9 /* Headers */,
				CFD1D1FF232D38D90089A4A9 /* Sources */,
				CFD1D200232D38D90089A4A9 /* Frameworks */,
				CFD1D201232D38D90089A4A9 /* Resources */,
			);
			buildRules = (
			);
			dependencies = (
			);
			name = DeviceInfoKit;
			productName = DeviceInfoKit;
			productReference = CFD1D203232D38D90089A4A9 /* DeviceInfoKit.framework */;
			productType = "com.apple.product-type.framework";
		};
		CFD1D20A232D38D90089A4A9 /* DeviceInfoKitTests */ = {
			isa = PBXNativeTarget;
			buildConfigurationList = CFD1D21D232D38D90089A4A9 /* Build configuration list for PBXNativeTarget "DeviceInfoKitTests" */;
			buildPhases = (
				CFD1D207232D38D90089A4A9 /* Sources */,
				CFD1D208232D38D90089A4A9 /* Frameworks */,
				CFD1D209232D38D90089A4A9 /* Resources */,
			);
			buildRules = (
			);
			dependencies = (
				CFD1D20E232D38D90089A4A9 /* PBXTargetDependency */,
				CFD1D210232D38D90089A4A9 /* PBXTargetDependency */,
			);
			name = DeviceInfoKitTests;
			productName = DeviceInfoKitTests;
			productReference = CFD1D20B232D38D90089A4A9 /* DeviceInfoKitTests.xctest */;
			productType = "com.apple.product-type.bundle.unit-test";
		};
		CFF94EF82326984B00273640 /* TestInfoHomescreen */ = {
			isa = PBXNativeTarget;
			buildConfigurationList = CFF94F162326984E00273640 /* Build configuration list for PBXNativeTarget "TestInfoHomescreen" */;
			buildPhases = (
				CFF94EF52326984B00273640 /* Sources */,
				CFF94EF62326984B00273640 /* Frameworks */,
				CFF94EF72326984B00273640 /* Resources */,
				CF2347B8232D258400252AEC /* Embed App Extensions */,
				CFD1D1FA232D386B0089A4A9 /* Embed Frameworks */,
				5F92D3D22E089E5100C4C580 /* Device Info Verification */,
			);
			buildRules = (
			);
			dependencies = (
				CF2347B3232D258400252AEC /* PBXTargetDependency */,
				CFD1D217232D38D90089A4A9 /* PBXTargetDependency */,
			);
			name = TestInfoHomescreen;
			productName = TestInfoHomescreen;
			productReference = CFF94EF92326984B00273640 /* TestInfoHomescreen.app */;
			productType = "com.apple.product-type.application";
		};
		CFF94F0C2326984E00273640 /* TestInfoHomescreenTests */ = {
			isa = PBXNativeTarget;
			buildConfigurationList = CFF94F192326984E00273640 /* Build configuration list for PBXNativeTarget "TestInfoHomescreenTests" */;
			buildPhases = (
				CFF94F092326984E00273640 /* Sources */,
				CFF94F0A2326984E00273640 /* Frameworks */,
				CFF94F0B2326984E00273640 /* Resources */,
			);
			buildRules = (
			);
			dependencies = (
				CFF94F0F2326984E00273640 /* PBXTargetDependency */,
			);
			name = TestInfoHomescreenTests;
			productName = TestInfoHomescreenTests;
			productReference = CFF94F0D2326984E00273640 /* TestInfoHomescreenTests.xctest */;
			productType = "com.apple.product-type.bundle.unit-test";
		};
		DC6AC621239EB51A00DDA51D /* TestInfoHomescreenUITests */ = {
			isa = PBXNativeTarget;
			buildConfigurationList = DC6AC629239EB51A00DDA51D /* Build configuration list for PBXNativeTarget "TestInfoHomescreenUITests" */;
			buildPhases = (
				DC6AC61E239EB51A00DDA51D /* Sources */,
				DC6AC61F239EB51A00DDA51D /* Frameworks */,
				DC6AC620239EB51A00DDA51D /* Resources */,
			);
			buildRules = (
			);
			dependencies = (
				DC6AC628239EB51A00DDA51D /* PBXTargetDependency */,
			);
			name = TestInfoHomescreenUITests;
			productName = TestInfoHomescreenUITests;
			productReference = DC6AC622239EB51A00DDA51D /* TestInfoHomescreenUITests.xctest */;
			productType = "com.apple.product-type.bundle.ui-testing";
		};
/* End PBXNativeTarget section */

/* Begin PBXProject section */
		CFF94EF12326984B00273640 /* Project object */ = {
			isa = PBXProject;
			attributes = {
				LastSwiftUpdateCheck = 1640;
				LastUpgradeCheck = 1010;
				ORGANIZATIONNAME = "Jones, Jason (Developer)";
				TargetAttributes = {
					CF2347A6232D258400252AEC = {
						CreatedOnToolsVersion = 10.1;
					};
					CFD1D202232D38D90089A4A9 = {
						CreatedOnToolsVersion = 10.2.1;
						LastSwiftMigration = 1020;
					};
					CFD1D20A232D38D90089A4A9 = {
						CreatedOnToolsVersion = 10.2.1;
						TestTargetID = CFF94EF82326984B00273640;
					};
					CFF94EF82326984B00273640 = {
						CreatedOnToolsVersion = 10.1;
					};
					CFF94F0C2326984E00273640 = {
						CreatedOnToolsVersion = 10.1;
						TestTargetID = CFF94EF82326984B00273640;
					};
					DC6AC621239EB51A00DDA51D = {
						CreatedOnToolsVersion = 11.1;
						TestTargetID = CFF94EF82326984B00273640;
					};
				};
			};
			buildConfigurationList = CFF94EF42326984B00273640 /* Build configuration list for PBXProject "TestInfoHomescreen" */;
			compatibilityVersion = "Xcode 9.3";
			developmentRegion = en;
			hasScannedForEncodings = 0;
			knownRegions = (
				en,
				Base,
			);
			mainGroup = CFF94EF02326984B00273640;
			productRefGroup = CFF94EFA2326984B00273640 /* Products */;
			projectDirPath = "";
			projectRoot = "";
			targets = (
				CFF94EF82326984B00273640 /* TestInfoHomescreen */,
				CFF94F0C2326984E00273640 /* TestInfoHomescreenTests */,
				CF2347A6232D258400252AEC /* Device Info */,
				CFD1D202232D38D90089A4A9 /* DeviceInfoKit */,
				CFD1D20A232D38D90089A4A9 /* DeviceInfoKitTests */,
				DC6AC621239EB51A00DDA51D /* TestInfoHomescreenUITests */,
			);
		};
/* End PBXProject section */

/* Begin PBXResourcesBuildPhase section */
		CF2347A5232D258400252AEC /* Resources */ = {
			isa = PBXResourcesBuildPhase;
			buildActionMask = 2147483647;
			files = (
				CF2347B0232D258400252AEC /* MainInterface.storyboard in Resources */,
			);
			runOnlyForDeploymentPostprocessing = 0;
		};
		CFD1D201232D38D90089A4A9 /* Resources */ = {
			isa = PBXResourcesBuildPhase;
			buildActionMask = 2147483647;
			files = (
			);
			runOnlyForDeploymentPostprocessing = 0;
		};
		CFD1D209232D38D90089A4A9 /* Resources */ = {
			isa = PBXResourcesBuildPhase;
			buildActionMask = 2147483647;
			files = (
			);
			runOnlyForDeploymentPostprocessing = 0;
		};
		CFF94EF72326984B00273640 /* Resources */ = {
			isa = PBXResourcesBuildPhase;
			buildActionMask = 2147483647;
			files = (
				CFF94F072326984E00273640 /* LaunchScreen.storyboard in Resources */,
				CFF94F042326984E00273640 /* Assets.xcassets in Resources */,
			);
			runOnlyForDeploymentPostprocessing = 0;
		};
		CFF94F0B2326984E00273640 /* Resources */ = {
			isa = PBXResourcesBuildPhase;
			buildActionMask = 2147483647;
			files = (
			);
			runOnlyForDeploymentPostprocessing = 0;
		};
		DC6AC620239EB51A00DDA51D /* Resources */ = {
			isa = PBXResourcesBuildPhase;
			buildActionMask = 2147483647;
			files = (
			);
			runOnlyForDeploymentPostprocessing = 0;
		};
/* End PBXResourcesBuildPhase section */

/* Begin PBXSourcesBuildPhase section */
		CF2347A3232D258400252AEC /* Sources */ = {
			isa = PBXSourcesBuildPhase;
			buildActionMask = 2147483647;
			files = (
				CF2347AD232D258400252AEC /* TodayViewController.swift in Sources */,
			);
			runOnlyForDeploymentPostprocessing = 0;
		};
		CFD1D1FF232D38D90089A4A9 /* Sources */ = {
			isa = PBXSourcesBuildPhase;
			buildActionMask = 2147483647;
			files = (
				CFD1D221232D39280089A4A9 /* DeviceInfo.swift in Sources */,
			);
			runOnlyForDeploymentPostprocessing = 0;
		};
		CFD1D207232D38D90089A4A9 /* Sources */ = {
			isa = PBXSourcesBuildPhase;
			buildActionMask = 2147483647;
			files = (
				CFD1D213232D38D90089A4A9 /* DeviceInfoKitTests.swift in Sources */,
			);
			runOnlyForDeploymentPostprocessing = 0;
		};
		CFF94EF52326984B00273640 /* Sources */ = {
			isa = PBXSourcesBuildPhase;
			buildActionMask = 2147483647;
			files = (
				5F92D3D12E05C14E00C4C580 /* TestInfoHomescreen.swift in Sources */,
				5FCACB9E2E0461D500153C12 /* DeviceInfoView.swift in Sources */,
			);
			runOnlyForDeploymentPostprocessing = 0;
		};
		CFF94F092326984E00273640 /* Sources */ = {
			isa = PBXSourcesBuildPhase;
			buildActionMask = 2147483647;
			files = (
				CFF94F122326984E00273640 /* TestInfoHomescreenTests.swift in Sources */,
			);
			runOnlyForDeploymentPostprocessing = 0;
		};
		DC6AC61E239EB51A00DDA51D /* Sources */ = {
			isa = PBXSourcesBuildPhase;
			buildActionMask = 2147483647;
			files = (
				DC6AC625239EB51A00DDA51D /* TestInfoHomescreenUITests.swift in Sources */,
				DC6AC62D239EF83F00DDA51D /* SnapshotHelper.swift in Sources */,
			);
			runOnlyForDeploymentPostprocessing = 0;
		};
/* End PBXSourcesBuildPhase section */

/* Begin PBXTargetDependency section */
		CF2347B3232D258400252AEC /* PBXTargetDependency */ = {
			isa = PBXTargetDependency;
			target = CF2347A6232D258400252AEC /* Device Info */;
			targetProxy = CF2347B2232D258400252AEC /* PBXContainerItemProxy */;
		};
		CFD1D20E232D38D90089A4A9 /* PBXTargetDependency */ = {
			isa = PBXTargetDependency;
			target = CFD1D202232D38D90089A4A9 /* DeviceInfoKit */;
			targetProxy = CFD1D20D232D38D90089A4A9 /* PBXContainerItemProxy */;
		};
		CFD1D210232D38D90089A4A9 /* PBXTargetDependency */ = {
			isa = PBXTargetDependency;
			target = CFF94EF82326984B00273640 /* TestInfoHomescreen */;
			targetProxy = CFD1D20F232D38D90089A4A9 /* PBXContainerItemProxy */;
		};
		CFD1D217232D38D90089A4A9 /* PBXTargetDependency */ = {
			isa = PBXTargetDependency;
			target = CFD1D202232D38D90089A4A9 /* DeviceInfoKit */;
			targetProxy = CFD1D216232D38D90089A4A9 /* PBXContainerItemProxy */;
		};
		CFD1D223232D50920089A4A9 /* PBXTargetDependency */ = {
			isa = PBXTargetDependency;
			target = CFD1D202232D38D90089A4A9 /* DeviceInfoKit */;
			targetProxy = CFD1D222232D50920089A4A9 /* PBXContainerItemProxy */;
		};
		CFF94F0F2326984E00273640 /* PBXTargetDependency */ = {
			isa = PBXTargetDependency;
			target = CFF94EF82326984B00273640 /* TestInfoHomescreen */;
			targetProxy = CFF94F0E2326984E00273640 /* PBXContainerItemProxy */;
		};
		DC6AC628239EB51A00DDA51D /* PBXTargetDependency */ = {
			isa = PBXTargetDependency;
			target = CFF94EF82326984B00273640 /* TestInfoHomescreen */;
			targetProxy = DC6AC627239EB51A00DDA51D /* PBXContainerItemProxy */;
		};
/* End PBXTargetDependency section */

/* Begin PBXVariantGroup section */
		CF2347AE232D258400252AEC /* MainInterface.storyboard */ = {
			isa = PBXVariantGroup;
			children = (
				CF2347AF232D258400252AEC /* Base */,
			);
			name = MainInterface.storyboard;
			sourceTree = "<group>";
		};
		CFF94F052326984E00273640 /* LaunchScreen.storyboard */ = {
			isa = PBXVariantGroup;
			children = (
				CFF94F062326984E00273640 /* Base */,
			);
			name = LaunchScreen.storyboard;
			sourceTree = "<group>";
		};
/* End PBXVariantGroup section */

/* Begin XCBuildConfiguration section */
		CF2347B5232D258400252AEC /* Debug */ = {
			isa = XCBuildConfiguration;
			buildSettings = {
				CODE_SIGN_STYLE = Automatic;
				CURRENT_PROJECT_VERSION = 4;
				DEVELOPMENT_TEAM = Z8Z3LH362R;
				INFOPLIST_FILE = DeviceInfoWidget/Info.plist;
				IPHONEOS_DEPLOYMENT_TARGET = 9.0;
				LD_RUNPATH_SEARCH_PATHS = (
					"$(inherited)",
					"@executable_path/Frameworks",
					"@executable_path/../../Frameworks",
				);
				PRODUCT_BUNDLE_IDENTIFIER = com.jmjones.TestInfoHomescreenCreator.DeviceInfoWidget;
				PRODUCT_NAME = "$(TARGET_NAME)";
				SKIP_INSTALL = YES;
				SWIFT_VERSION = 4.2;
				TARGETED_DEVICE_FAMILY = "1,2";
			};
			name = Debug;
		};
		CF2347B6232D258400252AEC /* Release */ = {
			isa = XCBuildConfiguration;
			buildSettings = {
				CODE_SIGN_STYLE = Automatic;
				CURRENT_PROJECT_VERSION = 4;
				DEVELOPMENT_TEAM = Z8Z3LH362R;
				INFOPLIST_FILE = DeviceInfoWidget/Info.plist;
				IPHONEOS_DEPLOYMENT_TARGET = 9.0;
				LD_RUNPATH_SEARCH_PATHS = (
					"$(inherited)",
					"@executable_path/Frameworks",
					"@executable_path/../../Frameworks",
				);
				PRODUCT_BUNDLE_IDENTIFIER = com.jmjones.TestInfoHomescreenCreator.DeviceInfoWidget;
				PRODUCT_NAME = "$(TARGET_NAME)";
				SKIP_INSTALL = YES;
				SWIFT_VERSION = 4.2;
				TARGETED_DEVICE_FAMILY = "1,2";
			};
			name = Release;
		};
		CFD1D21B232D38D90089A4A9 /* Debug */ = {
			isa = XCBuildConfiguration;
			buildSettings = {
				CLANG_ENABLE_MODULES = YES;
				CODE_SIGN_IDENTITY = "iPhone Developer";
				CODE_SIGN_STYLE = Manual;
				CURRENT_PROJECT_VERSION = 1;
				DEFINES_MODULE = YES;
				DEVELOPMENT_TEAM = CVWUVLHBG8;
				DYLIB_COMPATIBILITY_VERSION = 1;
				DYLIB_CURRENT_VERSION = 1;
				DYLIB_INSTALL_NAME_BASE = "@rpath";
				INFOPLIST_FILE = DeviceInfoKit/Info.plist;
				INSTALL_PATH = "$(LOCAL_LIBRARY_DIR)/Frameworks";
				IPHONEOS_DEPLOYMENT_TARGET = 9.0;
				LD_RUNPATH_SEARCH_PATHS = (
					"$(inherited)",
					"@executable_path/Frameworks",
					"@loader_path/Frameworks",
				);
				PRODUCT_BUNDLE_IDENTIFIER = jmj.DeviceInfoKit;
				PRODUCT_NAME = "$(TARGET_NAME:c99extidentifier)";
				PROVISIONING_PROFILE_SPECIFIER = "";
				SKIP_INSTALL = YES;
				SWIFT_OPTIMIZATION_LEVEL = "-Onone";
				SWIFT_VERSION = 5.0;
				TARGETED_DEVICE_FAMILY = "1,2";
				VERSIONING_SYSTEM = "apple-generic";
				VERSION_INFO_PREFIX = "";
			};
			name = Debug;
		};
		CFD1D21C232D38D90089A4A9 /* Release */ = {
			isa = XCBuildConfiguration;
			buildSettings = {
				CLANG_ENABLE_MODULES = YES;
				CODE_SIGN_IDENTITY = "iPhone Developer";
				CODE_SIGN_STYLE = Manual;
				CURRENT_PROJECT_VERSION = 1;
				DEFINES_MODULE = YES;
				DEVELOPMENT_TEAM = CVWUVLHBG8;
				DYLIB_COMPATIBILITY_VERSION = 1;
				DYLIB_CURRENT_VERSION = 1;
				DYLIB_INSTALL_NAME_BASE = "@rpath";
				INFOPLIST_FILE = DeviceInfoKit/Info.plist;
				INSTALL_PATH = "$(LOCAL_LIBRARY_DIR)/Frameworks";
				IPHONEOS_DEPLOYMENT_TARGET = 9.0;
				LD_RUNPATH_SEARCH_PATHS = (
					"$(inherited)",
					"@executable_path/Frameworks",
					"@loader_path/Frameworks",
				);
				PRODUCT_BUNDLE_IDENTIFIER = jmj.DeviceInfoKit;
				PRODUCT_NAME = "$(TARGET_NAME:c99extidentifier)";
				PROVISIONING_PROFILE_SPECIFIER = "";
				SKIP_INSTALL = YES;
				SWIFT_VERSION = 5.0;
				TARGETED_DEVICE_FAMILY = "1,2";
				VERSIONING_SYSTEM = "apple-generic";
				VERSION_INFO_PREFIX = "";
			};
			name = Release;
		};
		CFD1D21E232D38D90089A4A9 /* Debug */ = {
			isa = XCBuildConfiguration;
			buildSettings = {
				ALWAYS_EMBED_SWIFT_STANDARD_LIBRARIES = YES;
				CODE_SIGN_STYLE = Automatic;
				DEVELOPMENT_TEAM = UW5R88CEN4;
				INFOPLIST_FILE = DeviceInfoKitTests/Info.plist;
				IPHONEOS_DEPLOYMENT_TARGET = 12.2;
				LD_RUNPATH_SEARCH_PATHS = (
					"$(inherited)",
					"@executable_path/Frameworks",
					"@loader_path/Frameworks",
				);
				PRODUCT_BUNDLE_IDENTIFIER = jmj.DeviceInfoKitTests;
				PRODUCT_NAME = "$(TARGET_NAME)";
				SWIFT_VERSION = 5.0;
				TARGETED_DEVICE_FAMILY = "1,2";
				TEST_HOST = "$(BUILT_PRODUCTS_DIR)/TestInfoHomescreen.app/TestInfoHomescreen";
			};
			name = Debug;
		};
		CFD1D21F232D38D90089A4A9 /* Release */ = {
			isa = XCBuildConfiguration;
			buildSettings = {
				ALWAYS_EMBED_SWIFT_STANDARD_LIBRARIES = YES;
				CODE_SIGN_STYLE = Automatic;
				DEVELOPMENT_TEAM = UW5R88CEN4;
				INFOPLIST_FILE = DeviceInfoKitTests/Info.plist;
				IPHONEOS_DEPLOYMENT_TARGET = 12.2;
				LD_RUNPATH_SEARCH_PATHS = (
					"$(inherited)",
					"@executable_path/Frameworks",
					"@loader_path/Frameworks",
				);
				PRODUCT_BUNDLE_IDENTIFIER = jmj.DeviceInfoKitTests;
				PRODUCT_NAME = "$(TARGET_NAME)";
				SWIFT_VERSION = 5.0;
				TARGETED_DEVICE_FAMILY = "1,2";
				TEST_HOST = "$(BUILT_PRODUCTS_DIR)/TestInfoHomescreen.app/TestInfoHomescreen";
			};
			name = Release;
		};
		CFF94F142326984E00273640 /* Debug */ = {
			isa = XCBuildConfiguration;
			buildSettings = {
				ALWAYS_SEARCH_USER_PATHS = NO;
				CLANG_ANALYZER_NONNULL = YES;
				CLANG_ANALYZER_NUMBER_OBJECT_CONVERSION = YES_AGGRESSIVE;
				CLANG_CXX_LANGUAGE_STANDARD = "gnu++14";
				CLANG_CXX_LIBRARY = "libc++";
				CLANG_ENABLE_MODULES = YES;
				CLANG_ENABLE_OBJC_ARC = YES;
				CLANG_ENABLE_OBJC_WEAK = YES;
				CLANG_WARN_BLOCK_CAPTURE_AUTORELEASING = YES;
				CLANG_WARN_BOOL_CONVERSION = YES;
				CLANG_WARN_COMMA = YES;
				CLANG_WARN_CONSTANT_CONVERSION = YES;
				CLANG_WARN_DEPRECATED_OBJC_IMPLEMENTATIONS = YES;
				CLANG_WARN_DIRECT_OBJC_ISA_USAGE = YES_ERROR;
				CLANG_WARN_DOCUMENTATION_COMMENTS = YES;
				CLANG_WARN_EMPTY_BODY = YES;
				CLANG_WARN_ENUM_CONVERSION = YES;
				CLANG_WARN_INFINITE_RECURSION = YES;
				CLANG_WARN_INT_CONVERSION = YES;
				CLANG_WARN_NON_LITERAL_NULL_CONVERSION = YES;
				CLANG_WARN_OBJC_IMPLICIT_RETAIN_SELF = YES;
				CLANG_WARN_OBJC_LITERAL_CONVERSION = YES;
				CLANG_WARN_OBJC_ROOT_CLASS = YES_ERROR;
				CLANG_WARN_RANGE_LOOP_ANALYSIS = YES;
				CLANG_WARN_STRICT_PROTOTYPES = YES;
				CLANG_WARN_SUSPICIOUS_MOVE = YES;
				CLANG_WARN_UNGUARDED_AVAILABILITY = YES_AGGRESSIVE;
				CLANG_WARN_UNREACHABLE_CODE = YES;
				CLANG_WARN__DUPLICATE_METHOD_MATCH = YES;
				CODE_SIGN_IDENTITY = "iPhone Developer";
				COPY_PHASE_STRIP = NO;
				DEBUG_INFORMATION_FORMAT = dwarf;
				ENABLE_STRICT_OBJC_MSGSEND = YES;
				ENABLE_TESTABILITY = YES;
				GCC_C_LANGUAGE_STANDARD = gnu11;
				GCC_DYNAMIC_NO_PIC = NO;
				GCC_NO_COMMON_BLOCKS = YES;
				GCC_OPTIMIZATION_LEVEL = 0;
				GCC_PREPROCESSOR_DEFINITIONS = (
					"DEBUG=1",
					"$(inherited)",
				);
				GCC_WARN_64_TO_32_BIT_CONVERSION = YES;
				GCC_WARN_ABOUT_RETURN_TYPE = YES_ERROR;
				GCC_WARN_UNDECLARED_SELECTOR = YES;
				GCC_WARN_UNINITIALIZED_AUTOS = YES_AGGRESSIVE;
				GCC_WARN_UNUSED_FUNCTION = YES;
				GCC_WARN_UNUSED_VARIABLE = YES;
				IPHONEOS_DEPLOYMENT_TARGET = 12.1;
				MTL_ENABLE_DEBUG_INFO = INCLUDE_SOURCE;
				MTL_FAST_MATH = YES;
				ONLY_ACTIVE_ARCH = YES;
				SDKROOT = iphoneos;
				SWIFT_ACTIVE_COMPILATION_CONDITIONS = DEBUG;
				SWIFT_OPTIMIZATION_LEVEL = "-Onone";
			};
			name = Debug;
		};
		CFF94F152326984E00273640 /* Release */ = {
			isa = XCBuildConfiguration;
			buildSettings = {
				ALWAYS_SEARCH_USER_PATHS = NO;
				CLANG_ANALYZER_NONNULL = YES;
				CLANG_ANALYZER_NUMBER_OBJECT_CONVERSION = YES_AGGRESSIVE;
				CLANG_CXX_LANGUAGE_STANDARD = "gnu++14";
				CLANG_CXX_LIBRARY = "libc++";
				CLANG_ENABLE_MODULES = YES;
				CLANG_ENABLE_OBJC_ARC = YES;
				CLANG_ENABLE_OBJC_WEAK = YES;
				CLANG_WARN_BLOCK_CAPTURE_AUTORELEASING = YES;
				CLANG_WARN_BOOL_CONVERSION = YES;
				CLANG_WARN_COMMA = YES;
				CLANG_WARN_CONSTANT_CONVERSION = YES;
				CLANG_WARN_DEPRECATED_OBJC_IMPLEMENTATIONS = YES;
				CLANG_WARN_DIRECT_OBJC_ISA_USAGE = YES_ERROR;
				CLANG_WARN_DOCUMENTATION_COMMENTS = YES;
				CLANG_WARN_EMPTY_BODY = YES;
				CLANG_WARN_ENUM_CONVERSION = YES;
				CLANG_WARN_INFINITE_RECURSION = YES;
				CLANG_WARN_INT_CONVERSION = YES;
				CLANG_WARN_NON_LITERAL_NULL_CONVERSION = YES;
				CLANG_WARN_OBJC_IMPLICIT_RETAIN_SELF = YES;
				CLANG_WARN_OBJC_LITERAL_CONVERSION = YES;
				CLANG_WARN_OBJC_ROOT_CLASS = YES_ERROR;
				CLANG_WARN_RANGE_LOOP_ANALYSIS = YES;
				CLANG_WARN_STRICT_PROTOTYPES = YES;
				CLANG_WARN_SUSPICIOUS_MOVE = YES;
				CLANG_WARN_UNGUARDED_AVAILABILITY = YES_AGGRESSIVE;
				CLANG_WARN_UNREACHABLE_CODE = YES;
				CLANG_WARN__DUPLICATE_METHOD_MATCH = YES;
				CODE_SIGN_IDENTITY = "iPhone Developer";
				COPY_PHASE_STRIP = NO;
				DEBUG_INFORMATION_FORMAT = "dwarf-with-dsym";
				ENABLE_NS_ASSERTIONS = NO;
				ENABLE_STRICT_OBJC_MSGSEND = YES;
				GCC_C_LANGUAGE_STANDARD = gnu11;
				GCC_NO_COMMON_BLOCKS = YES;
				GCC_WARN_64_TO_32_BIT_CONVERSION = YES;
				GCC_WARN_ABOUT_RETURN_TYPE = YES_ERROR;
				GCC_WARN_UNDECLARED_SELECTOR = YES;
				GCC_WARN_UNINITIALIZED_AUTOS = YES_AGGRESSIVE;
				GCC_WARN_UNUSED_FUNCTION = YES;
				GCC_WARN_UNUSED_VARIABLE = YES;
				IPHONEOS_DEPLOYMENT_TARGET = 12.1;
				MTL_ENABLE_DEBUG_INFO = NO;
				MTL_FAST_MATH = YES;
				SDKROOT = iphoneos;
				SWIFT_COMPILATION_MODE = wholemodule;
				SWIFT_OPTIMIZATION_LEVEL = "-O";
				VALIDATE_PRODUCT = YES;
			};
			name = Release;
		};
		CFF94F172326984E00273640 /* Debug */ = {
			isa = XCBuildConfiguration;
			buildSettings = {
				ALWAYS_EMBED_SWIFT_STANDARD_LIBRARIES = YES;
				ASSETCATALOG_COMPILER_APPICON_NAME = AppIcon;
				CODE_SIGN_STYLE = Automatic;
				CURRENT_PROJECT_VERSION = 3;
				DEVELOPMENT_TEAM = Z8Z3LH362R;
				INFOPLIST_FILE = TestInfoHomescreen/Info.plist;
				IPHONEOS_DEPLOYMENT_TARGET = 17.6;
				LD_RUNPATH_SEARCH_PATHS = (
					"$(inherited)",
					"@executable_path/Frameworks",
				);
				PRODUCT_BUNDLE_IDENTIFIER = com.jmjones.TestInfoHomescreenCreator;
				PRODUCT_NAME = "$(TARGET_NAME)";
				SWIFT_VERSION = 4.2;
				TARGETED_DEVICE_FAMILY = "1,2";
			};
			name = Debug;
		};
		CFF94F182326984E00273640 /* Release */ = {
			isa = XCBuildConfiguration;
			buildSettings = {
				ALWAYS_EMBED_SWIFT_STANDARD_LIBRARIES = YES;
				ASSETCATALOG_COMPILER_APPICON_NAME = AppIcon;
				CODE_SIGN_STYLE = Automatic;
				CURRENT_PROJECT_VERSION = 3;
				DEVELOPMENT_TEAM = Z8Z3LH362R;
				INFOPLIST_FILE = TestInfoHomescreen/Info.plist;
				IPHONEOS_DEPLOYMENT_TARGET = 17.6;
				LD_RUNPATH_SEARCH_PATHS = (
					"$(inherited)",
					"@executable_path/Frameworks",
				);
				PRODUCT_BUNDLE_IDENTIFIER = com.jmjones.TestInfoHomescreenCreator;
				PRODUCT_NAME = "$(TARGET_NAME)";
				SWIFT_VERSION = 4.2;
				TARGETED_DEVICE_FAMILY = "1,2";
			};
			name = Release;
		};
		CFF94F1A2326984E00273640 /* Debug */ = {
			isa = XCBuildConfiguration;
			buildSettings = {
				ALWAYS_EMBED_SWIFT_STANDARD_LIBRARIES = YES;
				BUNDLE_LOADER = "$(TEST_HOST)";
				CODE_SIGN_STYLE = Automatic;
				DEVELOPMENT_TEAM = UW5R88CEN4;
				INFOPLIST_FILE = TestInfoHomescreenTests/Info.plist;
				LD_RUNPATH_SEARCH_PATHS = (
					"$(inherited)",
					"@executable_path/Frameworks",
					"@loader_path/Frameworks",
				);
				PRODUCT_BUNDLE_IDENTIFIER = jmj.TestInfoHomescreenTests;
				PRODUCT_NAME = "$(TARGET_NAME)";
				SWIFT_VERSION = 4.2;
				TARGETED_DEVICE_FAMILY = "1,2";
				TEST_HOST = "$(BUILT_PRODUCTS_DIR)/TestInfoHomescreen.app/TestInfoHomescreen";
			};
			name = Debug;
		};
		CFF94F1B2326984E00273640 /* Release */ = {
			isa = XCBuildConfiguration;
			buildSettings = {
				ALWAYS_EMBED_SWIFT_STANDARD_LIBRARIES = YES;
				BUNDLE_LOADER = "$(TEST_HOST)";
				CODE_SIGN_STYLE = Automatic;
				DEVELOPMENT_TEAM = UW5R88CEN4;
				INFOPLIST_FILE = TestInfoHomescreenTests/Info.plist;
				LD_RUNPATH_SEARCH_PATHS = (
					"$(inherited)",
					"@executable_path/Frameworks",
					"@loader_path/Frameworks",
				);
				PRODUCT_BUNDLE_IDENTIFIER = jmj.TestInfoHomescreenTests;
				PRODUCT_NAME = "$(TARGET_NAME)";
				SWIFT_VERSION = 4.2;
				TARGETED_DEVICE_FAMILY = "1,2";
				TEST_HOST = "$(BUILT_PRODUCTS_DIR)/TestInfoHomescreen.app/TestInfoHomescreen";
			};
			name = Release;
		};
		DC6AC62A239EB51A00DDA51D /* Debug */ = {
			isa = XCBuildConfiguration;
			buildSettings = {
				CODE_SIGN_STYLE = Automatic;
				DEVELOPMENT_TEAM = CVWUVLHBG8;
				INFOPLIST_FILE = TestInfoHomescreenUITests/Info.plist;
				IPHONEOS_DEPLOYMENT_TARGET = 13.1;
				LD_RUNPATH_SEARCH_PATHS = (
					"$(inherited)",
					"@executable_path/Frameworks",
					"@loader_path/Frameworks",
				);
				PRODUCT_BUNDLE_IDENTIFIER = com.jmjones.TestInfoHomescreenUITests;
				PRODUCT_NAME = "$(TARGET_NAME)";
				SWIFT_VERSION = 5.0;
				TARGETED_DEVICE_FAMILY = "1,2";
				TEST_TARGET_NAME = TestInfoHomescreen;
			};
			name = Debug;
		};
		DC6AC62B239EB51A00DDA51D /* Release */ = {
			isa = XCBuildConfiguration;
			buildSettings = {
				CODE_SIGN_STYLE = Automatic;
				DEVELOPMENT_TEAM = CVWUVLHBG8;
				INFOPLIST_FILE = TestInfoHomescreenUITests/Info.plist;
				IPHONEOS_DEPLOYMENT_TARGET = 13.1;
				LD_RUNPATH_SEARCH_PATHS = (
					"$(inherited)",
					"@executable_path/Frameworks",
					"@loader_path/Frameworks",
				);
				PRODUCT_BUNDLE_IDENTIFIER = com.jmjones.TestInfoHomescreenUITests;
				PRODUCT_NAME = "$(TARGET_NAME)";
				SWIFT_VERSION = 5.0;
				TARGETED_DEVICE_FAMILY = "1,2";
				TEST_TARGET_NAME = TestInfoHomescreen;
			};
			name = Release;
		};
/* End XCBuildConfiguration section */

/* Begin XCConfigurationList section */
		CF2347B7232D258400252AEC /* Build configuration list for PBXNativeTarget "Device Info" */ = {
			isa = XCConfigurationList;
			buildConfigurations = (
				CF2347B5232D258400252AEC /* Debug */,
				CF2347B6232D258400252AEC /* Release */,
			);
			defaultConfigurationIsVisible = 0;
			defaultConfigurationName = Release;
		};
		CFD1D21A232D38D90089A4A9 /* Build configuration list for PBXNativeTarget "DeviceInfoKit" */ = {
			isa = XCConfigurationList;
			buildConfigurations = (
				CFD1D21B232D38D90089A4A9 /* Debug */,
				CFD1D21C232D38D90089A4A9 /* Release */,
			);
			defaultConfigurationIsVisible = 0;
			defaultConfigurationName = Release;
		};
		CFD1D21D232D38D90089A4A9 /* Build configuration list for PBXNativeTarget "DeviceInfoKitTests" */ = {
			isa = XCConfigurationList;
			buildConfigurations = (
				CFD1D21E232D38D90089A4A9 /* Debug */,
				CFD1D21F232D38D90089A4A9 /* Release */,
			);
			defaultConfigurationIsVisible = 0;
			defaultConfigurationName = Release;
		};
		CFF94EF42326984B00273640 /* Build configuration list for PBXProject "TestInfoHomescreen" */ = {
			isa = XCConfigurationList;
			buildConfigurations = (
				CFF94F142326984E00273640 /* Debug */,
				CFF94F152326984E00273640 /* Release */,
			);
			defaultConfigurationIsVisible = 0;
			defaultConfigurationName = Release;
		};
		CFF94F162326984E00273640 /* Build configuration list for PBXNativeTarget "TestInfoHomescreen" */ = {
			isa = XCConfigurationList;
			buildConfigurations = (
				CFF94F172326984E00273640 /* Debug */,
				CFF94F182326984E00273640 /* Release */,
			);
			defaultConfigurationIsVisible = 0;
			defaultConfigurationName = Release;
		};
		CFF94F192326984E00273640 /* Build configuration list for PBXNativeTarget "TestInfoHomescreenTests" */ = {
			isa = XCConfigurationList;
			buildConfigurations = (
				CFF94F1A2326984E00273640 /* Debug */,
				CFF94F1B2326984E00273640 /* Release */,
			);
			defaultConfigurationIsVisible = 0;
			defaultConfigurationName = Release;
		};
		DC6AC629239EB51A00DDA51D /* Build configuration list for PBXNativeTarget "TestInfoHomescreenUITests" */ = {
			isa = XCConfigurationList;
			buildConfigurations = (
				DC6AC62A239EB51A00DDA51D /* Debug */,
				DC6AC62B239EB51A00DDA51D /* Release */,
			);
			defaultConfigurationIsVisible = 0;
			defaultConfigurationName = Release;
		};
/* End XCConfigurationList section */
	};
	rootObject = CFF94EF12326984B00273640 /* Project object */;
}
